
Microsoft Visual Studio Solution File, Format Version 12.00
# Visual Studio Version 17
VisualStudioVersion = 17.4.33403.182
MinimumVisualStudioVersion = 10.0.40219.1
Project("{FAE04EC0-301F-11D3-BF4B-00C04F79EFBC}") = "DotNetTask1", "DotNetTask1\DotNetTask1.csproj", "{012340A6-3098-462F-9B49-59106D8F62D0}"
EndProject
Global
	GlobalSection(SolutionConfigurationPlatforms) = preSolution
		Debug|Any CPU = Debug|Any CPU
		Release|Any CPU = Release|Any CPU
	EndGlobalSection
	GlobalSection(ProjectConfigurationPlatforms) = postSolution
		{012340A6-3098-462F-9B49-59106D8F62D0}.Debug|Any CPU.ActiveCfg = Debug|Any CPU
		{012340A6-3098-462F-9B49-59106D8F62D0}.Debug|Any CPU.Build.0 = Debug|Any CPU
		{012340A6-3098-462F-9B49-59106D8F62D0}.Release|Any CPU.ActiveCfg = Release|Any CPU
		{012340A6-3098-462F-9B49-59106D8F62D0}.Release|Any CPU.Build.0 = Release|Any CPU
	EndGlobalSection
	GlobalSection(SolutionProperties) = preSolution
		HideSolutionNode = FALSE
	EndGlobalSection
	GlobalSection(ExtensibilityGlobals) = postSolution
		SolutionGuid = {E9ACDE83-F7DA-4C2E-8177-C959BB88A82A}
	EndGlobalSection
EndGlobal
